
Microsoft Visual Studio Solution File, Format Version 12.00
# Visual Studio Version 17
VisualStudioVersion = 17.1.32414.318
MinimumVisualStudioVersion = 10.0.40219.1
Project("{9A19103F-16F7-4668-BE54-9A1E7A4F7556}") = "Ocelot.ApiGateway", "Ocelot.ApiGateway\Ocelot.ApiGateway.csproj", "{2D474D05-FD9B-455E-90FE-4FBC33778D65}"
EndProject
Global
	GlobalSection(SolutionConfigurationPlatforms) = preSolution
		Debug|Any CPU = Debug|Any CPU
		Release|Any CPU = Release|Any CPU
	EndGlobalSection
	GlobalSection(ProjectConfigurationPlatforms) = postSolution
		{2D474D05-FD9B-455E-90FE-4FBC33778D65}.Debug|Any CPU.ActiveCfg = Debug|Any CPU
		{2D474D05-FD9B-455E-90FE-4FBC33778D65}.Debug|Any CPU.Build.0 = Debug|Any CPU
		{2D474D05-FD9B-455E-90FE-4FBC33778D65}.Release|Any CPU.ActiveCfg = Release|Any CPU
		{2D474D05-FD9B-455E-90FE-4FBC33778D65}.Release|Any CPU.Build.0 = Release|Any CPU
	EndGlobalSection
	GlobalSection(SolutionProperties) = preSolution
		HideSolutionNode = FALSE
	EndGlobalSection
	GlobalSection(ExtensibilityGlobals) = postSolution
		SolutionGuid = {6A923A94-E023-410E-BC00-F91650572039}
	EndGlobalSection
EndGlobal
