
Microsoft Visual Studio Solution File, Format Version 12.00
# Visual Studio Version 17
VisualStudioVersion = 17.9.34701.34
MinimumVisualStudioVersion = 10.0.40219.1
Project("{FAE04EC0-301F-11D3-BF4B-00C04F79EFBC}") = "WebAPI", "WebAPI.csproj", "{D1838B45-371B-427A-9D87-29ED2F91AA08}"
EndProject
Project("{FAE04EC0-301F-11D3-BF4B-00C04F79EFBC}") = "BussinessLayer", "..\BussinessLayer\BussinessLayer.csproj", "{3CDA6FAB-1408-48AC-AC3D-493E8838704C}"
EndProject
Project("{FAE04EC0-301F-11D3-BF4B-00C04F79EFBC}") = "ServiceLayer", "..\ServiceLayer\ServiceLayer.csproj", "{DDF228DB-915D-41AC-9C4C-7219D44087B0}"
EndProject
Project("{FAE04EC0-301F-11D3-BF4B-00C04F79EFBC}") = "DTO", "..\DTO\DTO.csproj", "{A98A7CE6-2C1E-4B84-AA63-4BB61FFC2B88}"
EndProject
Project("{FAE04EC0-301F-11D3-BF4B-00C04F79EFBC}") = "Helper", "..\Helper\Helper.csproj", "{F4176B3E-2B0B-481F-BACD-2A0747C44D74}"
EndProject
Project("{FAE04EC0-301F-11D3-BF4B-00C04F79EFBC}") = "DataLayer", "..\DataLayer\DataLayer.csproj", "{2D6019B0-B353-47F5-B708-0574C0D6C852}"
EndProject
Global
	GlobalSection(SolutionConfigurationPlatforms) = preSolution
		Debug|Any CPU = Debug|Any CPU
		Release|Any CPU = Release|Any CPU
	EndGlobalSection
	GlobalSection(ProjectConfigurationPlatforms) = postSolution
		{D1838B45-371B-427A-9D87-29ED2F91AA08}.Debug|Any CPU.ActiveCfg = Debug|Any CPU
		{D1838B45-371B-427A-9D87-29ED2F91AA08}.Debug|Any CPU.Build.0 = Debug|Any CPU
		{D1838B45-371B-427A-9D87-29ED2F91AA08}.Release|Any CPU.ActiveCfg = Release|Any CPU
		{D1838B45-371B-427A-9D87-29ED2F91AA08}.Release|Any CPU.Build.0 = Release|Any CPU
		{3CDA6FAB-1408-48AC-AC3D-493E8838704C}.Debug|Any CPU.ActiveCfg = Debug|Any CPU
		{3CDA6FAB-1408-48AC-AC3D-493E8838704C}.Debug|Any CPU.Build.0 = Debug|Any CPU
		{3CDA6FAB-1408-48AC-AC3D-493E8838704C}.Release|Any CPU.ActiveCfg = Release|Any CPU
		{3CDA6FAB-1408-48AC-AC3D-493E8838704C}.Release|Any CPU.Build.0 = Release|Any CPU
		{DDF228DB-915D-41AC-9C4C-7219D44087B0}.Debug|Any CPU.ActiveCfg = Debug|Any CPU
		{DDF228DB-915D-41AC-9C4C-7219D44087B0}.Debug|Any CPU.Build.0 = Debug|Any CPU
		{DDF228DB-915D-41AC-9C4C-7219D44087B0}.Release|Any CPU.ActiveCfg = Release|Any CPU
		{DDF228DB-915D-41AC-9C4C-7219D44087B0}.Release|Any CPU.Build.0 = Release|Any CPU
		{A98A7CE6-2C1E-4B84-AA63-4BB61FFC2B88}.Debug|Any CPU.ActiveCfg = Debug|Any CPU
		{A98A7CE6-2C1E-4B84-AA63-4BB61FFC2B88}.Debug|Any CPU.Build.0 = Debug|Any CPU
		{A98A7CE6-2C1E-4B84-AA63-4BB61FFC2B88}.Release|Any CPU.ActiveCfg = Release|Any CPU
		{A98A7CE6-2C1E-4B84-AA63-4BB61FFC2B88}.Release|Any CPU.Build.0 = Release|Any CPU
		{F4176B3E-2B0B-481F-BACD-2A0747C44D74}.Debug|Any CPU.ActiveCfg = Debug|Any CPU
		{F4176B3E-2B0B-481F-BACD-2A0747C44D74}.Debug|Any CPU.Build.0 = Debug|Any CPU
		{F4176B3E-2B0B-481F-BACD-2A0747C44D74}.Release|Any CPU.ActiveCfg = Release|Any CPU
		{F4176B3E-2B0B-481F-BACD-2A0747C44D74}.Release|Any CPU.Build.0 = Release|Any CPU
		{2D6019B0-B353-47F5-B708-0574C0D6C852}.Debug|Any CPU.ActiveCfg = Debug|Any CPU
		{2D6019B0-B353-47F5-B708-0574C0D6C852}.Debug|Any CPU.Build.0 = Debug|Any CPU
		{2D6019B0-B353-47F5-B708-0574C0D6C852}.Release|Any CPU.ActiveCfg = Release|Any CPU
		{2D6019B0-B353-47F5-B708-0574C0D6C852}.Release|Any CPU.Build.0 = Release|Any CPU
	EndGlobalSection
	GlobalSection(SolutionProperties) = preSolution
		HideSolutionNode = FALSE
	EndGlobalSection
	GlobalSection(ExtensibilityGlobals) = postSolution
		SolutionGuid = {6DAC2E47-8021-410B-B360-709B46D99E97}
	EndGlobalSection
EndGlobal
