
Microsoft Visual Studio Solution File, Format Version 12.00
# Visual Studio Version 17
VisualStudioVersion = 17.1.32414.318
MinimumVisualStudioVersion = 10.0.40219.1
Project("{FAE04EC0-301F-11D3-BF4B-00C04F79EFBC}") = "Authentication.Microservice", "Authentication.Microservice\Authentication.Microservice.csproj", "{57598CAB-82BA-4F60-8453-37B9AF69DE0E}"
EndProject
Project("{FAE04EC0-301F-11D3-BF4B-00C04F79EFBC}") = "BusinessLayer", "BusinessLayer\BusinessLayer.csproj", "{A5346D4A-9F08-41A5-8052-0E4EE17E64C8}"
EndProject
Project("{FAE04EC0-301F-11D3-BF4B-00C04F79EFBC}") = "ServiceLayer", "ServiceLayer\ServiceLayer.csproj", "{1BE45264-BBC9-4B28-9B3F-76BC1CC7686D}"
EndProject
Project("{FAE04EC0-301F-11D3-BF4B-00C04F79EFBC}") = "DTO", "DTO\DTO.csproj", "{58122956-D6D2-461A-8208-A5ADE007676A}"
EndProject
Project("{FAE04EC0-301F-11D3-BF4B-00C04F79EFBC}") = "DataLayer", "DataLayer\DataLayer.csproj", "{B0DBFD60-F6C2-4856-85A5-AB2CD4D39AB4}"
EndProject
Global
	GlobalSection(SolutionConfigurationPlatforms) = preSolution
		Debug|Any CPU = Debug|Any CPU
		Release|Any CPU = Release|Any CPU
	EndGlobalSection
	GlobalSection(ProjectConfigurationPlatforms) = postSolution
		{57598CAB-82BA-4F60-8453-37B9AF69DE0E}.Debug|Any CPU.ActiveCfg = Debug|Any CPU
		{57598CAB-82BA-4F60-8453-37B9AF69DE0E}.Debug|Any CPU.Build.0 = Debug|Any CPU
		{57598CAB-82BA-4F60-8453-37B9AF69DE0E}.Release|Any CPU.ActiveCfg = Release|Any CPU
		{57598CAB-82BA-4F60-8453-37B9AF69DE0E}.Release|Any CPU.Build.0 = Release|Any CPU
		{A5346D4A-9F08-41A5-8052-0E4EE17E64C8}.Debug|Any CPU.ActiveCfg = Debug|Any CPU
		{A5346D4A-9F08-41A5-8052-0E4EE17E64C8}.Debug|Any CPU.Build.0 = Debug|Any CPU
		{A5346D4A-9F08-41A5-8052-0E4EE17E64C8}.Release|Any CPU.ActiveCfg = Release|Any CPU
		{A5346D4A-9F08-41A5-8052-0E4EE17E64C8}.Release|Any CPU.Build.0 = Release|Any CPU
		{1BE45264-BBC9-4B28-9B3F-76BC1CC7686D}.Debug|Any CPU.ActiveCfg = Debug|Any CPU
		{1BE45264-BBC9-4B28-9B3F-76BC1CC7686D}.Debug|Any CPU.Build.0 = Debug|Any CPU
		{1BE45264-BBC9-4B28-9B3F-76BC1CC7686D}.Release|Any CPU.ActiveCfg = Release|Any CPU
		{1BE45264-BBC9-4B28-9B3F-76BC1CC7686D}.Release|Any CPU.Build.0 = Release|Any CPU
		{58122956-D6D2-461A-8208-A5ADE007676A}.Debug|Any CPU.ActiveCfg = Debug|Any CPU
		{58122956-D6D2-461A-8208-A5ADE007676A}.Debug|Any CPU.Build.0 = Debug|Any CPU
		{58122956-D6D2-461A-8208-A5ADE007676A}.Release|Any CPU.ActiveCfg = Release|Any CPU
		{58122956-D6D2-461A-8208-A5ADE007676A}.Release|Any CPU.Build.0 = Release|Any CPU
		{B0DBFD60-F6C2-4856-85A5-AB2CD4D39AB4}.Debug|Any CPU.ActiveCfg = Debug|Any CPU
		{B0DBFD60-F6C2-4856-85A5-AB2CD4D39AB4}.Debug|Any CPU.Build.0 = Debug|Any CPU
		{B0DBFD60-F6C2-4856-85A5-AB2CD4D39AB4}.Release|Any CPU.ActiveCfg = Release|Any CPU
		{B0DBFD60-F6C2-4856-85A5-AB2CD4D39AB4}.Release|Any CPU.Build.0 = Release|Any CPU
	EndGlobalSection
	GlobalSection(SolutionProperties) = preSolution
		HideSolutionNode = FALSE
	EndGlobalSection
	GlobalSection(ExtensibilityGlobals) = postSolution
		SolutionGuid = {A6E65B6D-5D08-408A-93EB-0D66CA31035F}
	EndGlobalSection
EndGlobal
